
Microsoft Visual Studio Solution File, Format Version 12.00
# Visual Studio Version 17
VisualStudioVersion = 17.10.34916.146
MinimumVisualStudioVersion = 10.0.40219.1
Project("{FAE04EC0-301F-11D3-BF4B-00C04F79EFBC}") = "Challenge.Domain", "Challenge.Domain\Challenge.Domain.csproj", "{3C4B9377-AEC1-400D-8C35-1BFBBE35B007}"
EndProject
Project("{FAE04EC0-301F-11D3-BF4B-00C04F79EFBC}") = "Challenge.DataAccess", "Challenge.DataAccess\Challenge.DataAccess.csproj", "{4CC942A1-9DD0-4D89-AED0-B70E60C02456}"
EndProject
Project("{FAE04EC0-301F-11D3-BF4B-00C04F79EFBC}") = "Challenge.Api", "Challenge.Api\Challenge.Api.csproj", "{FD376A14-2BAC-4E5F-A299-FABC250010E3}"
EndProject
Global
	GlobalSection(SolutionConfigurationPlatforms) = preSolution
		Debug|Any CPU = Debug|Any CPU
		Release|Any CPU = Release|Any CPU
	EndGlobalSection
	GlobalSection(ProjectConfigurationPlatforms) = postSolution
		{3C4B9377-AEC1-400D-8C35-1BFBBE35B007}.Debug|Any CPU.ActiveCfg = Debug|Any CPU
		{3C4B9377-AEC1-400D-8C35-1BFBBE35B007}.Debug|Any CPU.Build.0 = Debug|Any CPU
		{3C4B9377-AEC1-400D-8C35-1BFBBE35B007}.Release|Any CPU.ActiveCfg = Release|Any CPU
		{3C4B9377-AEC1-400D-8C35-1BFBBE35B007}.Release|Any CPU.Build.0 = Release|Any CPU
		{4CC942A1-9DD0-4D89-AED0-B70E60C02456}.Debug|Any CPU.ActiveCfg = Debug|Any CPU
		{4CC942A1-9DD0-4D89-AED0-B70E60C02456}.Debug|Any CPU.Build.0 = Debug|Any CPU
		{4CC942A1-9DD0-4D89-AED0-B70E60C02456}.Release|Any CPU.ActiveCfg = Release|Any CPU
		{4CC942A1-9DD0-4D89-AED0-B70E60C02456}.Release|Any CPU.Build.0 = Release|Any CPU
		{FD376A14-2BAC-4E5F-A299-FABC250010E3}.Debug|Any CPU.ActiveCfg = Debug|Any CPU
		{FD376A14-2BAC-4E5F-A299-FABC250010E3}.Debug|Any CPU.Build.0 = Debug|Any CPU
		{FD376A14-2BAC-4E5F-A299-FABC250010E3}.Release|Any CPU.ActiveCfg = Release|Any CPU
		{FD376A14-2BAC-4E5F-A299-FABC250010E3}.Release|Any CPU.Build.0 = Release|Any CPU
	EndGlobalSection
	GlobalSection(SolutionProperties) = preSolution
		HideSolutionNode = FALSE
	EndGlobalSection
	GlobalSection(ExtensibilityGlobals) = postSolution
		SolutionGuid = {32878FEB-21C4-4D2E-872B-461BDDD50DBC}
	EndGlobalSection
EndGlobal
